// !$*UTF8*$!
{
	archiveVersion = 1;
	classes = {
	};
	objectVersion = 56;
	objects = {

/* Begin PBXBuildFile section */
		041212302C983076001333F1 /* ExpenseTrackerApp.swift in Sources */ = {isa = PBXBuildFile; fileRef = 0412122F2C983076001333F1 /* ExpenseTrackerApp.swift */; };
		041212322C983076001333F1 /* ContentView.swift in Sources */ = {isa = PBXBuildFile; fileRef = 041212312C983076001333F1 /* ContentView.swift */; };
		041212342C983076001333F1 /* Assets.xcassets in Resources */ = {isa = PBXBuildFile; fileRef = 041212332C983076001333F1 /* Assets.xcassets */; };
		041212372C983076001333F1 /* Preview Assets.xcassets in Resources */ = {isa = PBXBuildFile; fileRef = 041212362C983076001333F1 /* Preview Assets.xcassets */; };
		041212412C983077001333F1 /* ExpenseTrackerTests.swift in Sources */ = {isa = PBXBuildFile; fileRef = 041212402C983077001333F1 /* ExpenseTrackerTests.swift */; };
		0412124B2C983077001333F1 /* ExpenseTrackerUITests.swift in Sources */ = {isa = PBXBuildFile; fileRef = 0412124A2C983077001333F1 /* ExpenseTrackerUITests.swift */; };
		0412124D2C983077001333F1 /* ExpenseTrackerUITestsLaunchTests.swift in Sources */ = {isa = PBXBuildFile; fileRef = 0412124C2C983077001333F1 /* ExpenseTrackerUITestsLaunchTests.swift */; };
		0412125D2C983108001333F1 /* HomeView.swift in Sources */ = {isa = PBXBuildFile; fileRef = 0412125C2C983108001333F1 /* HomeView.swift */; };
		041212602C983247001333F1 /* AppButton.swift in Sources */ = {isa = PBXBuildFile; fileRef = 0412125F2C983247001333F1 /* AppButton.swift */; };
		041212622C983D1E001333F1 /* AppCard.swift in Sources */ = {isa = PBXBuildFile; fileRef = 041212612C983D1E001333F1 /* AppCard.swift */; };
		041212642C984179001333F1 /* IncomeView.swift in Sources */ = {isa = PBXBuildFile; fileRef = 041212632C984179001333F1 /* IncomeView.swift */; };
		041212662C984192001333F1 /* ExpenseView.swift in Sources */ = {isa = PBXBuildFile; fileRef = 041212652C984192001333F1 /* ExpenseView.swift */; };
		041212682C9846F6001333F1 /* AddTransactionView.swift in Sources */ = {isa = PBXBuildFile; fileRef = 041212672C9846F6001333F1 /* AddTransactionView.swift */; };
		0412126A2C98554C001333F1 /* TransactionModel.swift in Sources */ = {isa = PBXBuildFile; fileRef = 041212692C98554C001333F1 /* TransactionModel.swift */; };
		0412126C2C9855A8001333F1 /* AppCardTransaction.swift in Sources */ = {isa = PBXBuildFile; fileRef = 0412126B2C9855A8001333F1 /* AppCardTransaction.swift */; };
		0412126F2C987489001333F1 /* SplashScreenView.swift in Sources */ = {isa = PBXBuildFile; fileRef = 0412126E2C987489001333F1 /* SplashScreenView.swift */; };
		041212722C98ABEA001333F1 /* GoalsView.swift in Sources */ = {isa = PBXBuildFile; fileRef = 041212712C98ABE9001333F1 /* GoalsView.swift */; };
		043328412C9C274F0086D79B /* Example.swift in Sources */ = {isa = PBXBuildFile; fileRef = 043328402C9C274F0086D79B /* Example.swift */; };
		043328432C9C39ED0086D79B /* AddGoalView.swift in Sources */ = {isa = PBXBuildFile; fileRef = 043328422C9C39ED0086D79B /* AddGoalView.swift */; };
		0435531B2CA5C92300F7BA28 /* EditTransactionView.swift in Sources */ = {isa = PBXBuildFile; fileRef = 0435531A2CA5C92300F7BA28 /* EditTransactionView.swift */; };
		046C56422C9A740300759965 /* GoalModel.swift in Sources */ = {isa = PBXBuildFile; fileRef = 046C56412C9A740300759965 /* GoalModel.swift */; };
		046D74812CA038F2003AEDA6 /* TestCustomListView.swift in Sources */ = {isa = PBXBuildFile; fileRef = 046D74802CA038F2003AEDA6 /* TestCustomListView.swift */; };
		047C62302CA2462F00B4DF85 /* EditGoalView.swift in Sources */ = {isa = PBXBuildFile; fileRef = 047C622F2CA2462F00B4DF85 /* EditGoalView.swift */; };
		047E40BC2C99DA2600659068 /* AppCardGoals.swift in Sources */ = {isa = PBXBuildFile; fileRef = 047E40BB2C99DA2600659068 /* AppCardGoals.swift */; };
		04CDC0252C9E876B00D76717 /* BalanceModel.swift in Sources */ = {isa = PBXBuildFile; fileRef = 04CDC0242C9E876B00D76717 /* BalanceModel.swift */; };
		04E86AF52CA322CC001C10D3 /* ConfettiSwiftUI in Frameworks */ = {isa = PBXBuildFile; productRef = 04E86AF42CA322CC001C10D3 /* ConfettiSwiftUI */; };
		04F73F2A2C9D27E00028AA83 /* SavingsModel.swift in Sources */ = {isa = PBXBuildFile; fileRef = 04F73F292C9D27E00028AA83 /* SavingsModel.swift */; };
		04F73F2C2C9D28890028AA83 /* SavingsView.swift in Sources */ = {isa = PBXBuildFile; fileRef = 04F73F2B2C9D28890028AA83 /* SavingsView.swift */; };
/* End PBXBuildFile section */

/* Begin PBXContainerItemProxy section */
		0412123D2C983077001333F1 /* PBXContainerItemProxy */ = {
			isa = PBXContainerItemProxy;
			containerPortal = 041212242C983076001333F1 /* Project object */;
			proxyType = 1;
			remoteGlobalIDString = 0412122B2C983076001333F1;
			remoteInfo = ExpenseTracker;
		};
		041212472C983077001333F1 /* PBXContainerItemProxy */ = {
			isa = PBXContainerItemProxy;
			containerPortal = 041212242C983076001333F1 /* Project object */;
			proxyType = 1;
			remoteGlobalIDString = 0412122B2C983076001333F1;
			remoteInfo = ExpenseTracker;
		};
/* End PBXContainerItemProxy section */

/* Begin PBXFileReference section */
		0412122C2C983076001333F1 /* ExpenseTracker.app */ = {isa = PBXFileReference; explicitFileType = wrapper.application; includeInIndex = 0; path = ExpenseTracker.app; sourceTree = BUILT_PRODUCTS_DIR; };
		0412122F2C983076001333F1 /* ExpenseTrackerApp.swift */ = {isa = PBXFileReference; lastKnownFileType = sourcecode.swift; path = ExpenseTrackerApp.swift; sourceTree = "<group>"; };
		041212312C983076001333F1 /* ContentView.swift */ = {isa = PBXFileReference; lastKnownFileType = sourcecode.swift; path = ContentView.swift; sourceTree = "<group>"; };
		041212332C983076001333F1 /* Assets.xcassets */ = {isa = PBXFileReference; lastKnownFileType = folder.assetcatalog; path = Assets.xcassets; sourceTree = "<group>"; };
		041212362C983076001333F1 /* Preview Assets.xcassets */ = {isa = PBXFileReference; lastKnownFileType = folder.assetcatalog; path = "Preview Assets.xcassets"; sourceTree = "<group>"; };
		0412123C2C983077001333F1 /* ExpenseTrackerTests.xctest */ = {isa = PBXFileReference; explicitFileType = wrapper.cfbundle; includeInIndex = 0; path = ExpenseTrackerTests.xctest; sourceTree = BUILT_PRODUCTS_DIR; };
		041212402C983077001333F1 /* ExpenseTrackerTests.swift */ = {isa = PBXFileReference; lastKnownFileType = sourcecode.swift; path = ExpenseTrackerTests.swift; sourceTree = "<group>"; };
		041212462C983077001333F1 /* ExpenseTrackerUITests.xctest */ = {isa = PBXFileReference; explicitFileType = wrapper.cfbundle; includeInIndex = 0; path = ExpenseTrackerUITests.xctest; sourceTree = BUILT_PRODUCTS_DIR; };
		0412124A2C983077001333F1 /* ExpenseTrackerUITests.swift */ = {isa = PBXFileReference; lastKnownFileType = sourcecode.swift; path = ExpenseTrackerUITests.swift; sourceTree = "<group>"; };
		0412124C2C983077001333F1 /* ExpenseTrackerUITestsLaunchTests.swift */ = {isa = PBXFileReference; lastKnownFileType = sourcecode.swift; path = ExpenseTrackerUITestsLaunchTests.swift; sourceTree = "<group>"; };
		0412125C2C983108001333F1 /* HomeView.swift */ = {isa = PBXFileReference; lastKnownFileType = sourcecode.swift; path = HomeView.swift; sourceTree = "<group>"; };
		0412125F2C983247001333F1 /* AppButton.swift */ = {isa = PBXFileReference; lastKnownFileType = sourcecode.swift; path = AppButton.swift; sourceTree = "<group>"; };
		041212612C983D1E001333F1 /* AppCard.swift */ = {isa = PBXFileReference; lastKnownFileType = sourcecode.swift; path = AppCard.swift; sourceTree = "<group>"; };
		041212632C984179001333F1 /* IncomeView.swift */ = {isa = PBXFileReference; lastKnownFileType = sourcecode.swift; path = IncomeView.swift; sourceTree = "<group>"; };
		041212652C984192001333F1 /* ExpenseView.swift */ = {isa = PBXFileReference; lastKnownFileType = sourcecode.swift; path = ExpenseView.swift; sourceTree = "<group>"; };
		041212672C9846F6001333F1 /* AddTransactionView.swift */ = {isa = PBXFileReference; lastKnownFileType = sourcecode.swift; path = AddTransactionView.swift; sourceTree = "<group>"; };
		041212692C98554C001333F1 /* TransactionModel.swift */ = {isa = PBXFileReference; lastKnownFileType = sourcecode.swift; path = TransactionModel.swift; sourceTree = "<group>"; };
		0412126B2C9855A8001333F1 /* AppCardTransaction.swift */ = {isa = PBXFileReference; lastKnownFileType = sourcecode.swift; path = AppCardTransaction.swift; sourceTree = "<group>"; };
		0412126E2C987489001333F1 /* SplashScreenView.swift */ = {isa = PBXFileReference; lastKnownFileType = sourcecode.swift; path = SplashScreenView.swift; sourceTree = "<group>"; };
		041212712C98ABE9001333F1 /* GoalsView.swift */ = {isa = PBXFileReference; lastKnownFileType = sourcecode.swift; path = GoalsView.swift; sourceTree = "<group>"; };
		043328402C9C274F0086D79B /* Example.swift */ = {isa = PBXFileReference; lastKnownFileType = sourcecode.swift; path = Example.swift; sourceTree = "<group>"; };
		043328422C9C39ED0086D79B /* AddGoalView.swift */ = {isa = PBXFileReference; lastKnownFileType = sourcecode.swift; path = AddGoalView.swift; sourceTree = "<group>"; };
		0435531A2CA5C92300F7BA28 /* EditTransactionView.swift */ = {isa = PBXFileReference; lastKnownFileType = sourcecode.swift; path = EditTransactionView.swift; sourceTree = "<group>"; };
		046C56412C9A740300759965 /* GoalModel.swift */ = {isa = PBXFileReference; lastKnownFileType = sourcecode.swift; path = GoalModel.swift; sourceTree = "<group>"; };
		046D74802CA038F2003AEDA6 /* TestCustomListView.swift */ = {isa = PBXFileReference; lastKnownFileType = sourcecode.swift; path = TestCustomListView.swift; sourceTree = "<group>"; };
		047C622F2CA2462F00B4DF85 /* EditGoalView.swift */ = {isa = PBXFileReference; lastKnownFileType = sourcecode.swift; path = EditGoalView.swift; sourceTree = "<group>"; };
		047E40BB2C99DA2600659068 /* AppCardGoals.swift */ = {isa = PBXFileReference; lastKnownFileType = sourcecode.swift; path = AppCardGoals.swift; sourceTree = "<group>"; };
		04CDC0242C9E876B00D76717 /* BalanceModel.swift */ = {isa = PBXFileReference; lastKnownFileType = sourcecode.swift; path = BalanceModel.swift; sourceTree = "<group>"; };
		04F73F292C9D27E00028AA83 /* SavingsModel.swift */ = {isa = PBXFileReference; lastKnownFileType = sourcecode.swift; path = SavingsModel.swift; sourceTree = "<group>"; };
		04F73F2B2C9D28890028AA83 /* SavingsView.swift */ = {isa = PBXFileReference; lastKnownFileType = sourcecode.swift; path = SavingsView.swift; sourceTree = "<group>"; };
/* End PBXFileReference section */

/* Begin PBXFrameworksBuildPhase section */
		041212292C983076001333F1 /* Frameworks */ = {
			isa = PBXFrameworksBuildPhase;
			buildActionMask = 2147483647;
			files = (
				04E86AF52CA322CC001C10D3 /* ConfettiSwiftUI in Frameworks */,
			);
			runOnlyForDeploymentPostprocessing = 0;
		};
		041212392C983077001333F1 /* Frameworks */ = {
			isa = PBXFrameworksBuildPhase;
			buildActionMask = 2147483647;
			files = (
			);
			runOnlyForDeploymentPostprocessing = 0;
		};
		041212432C983077001333F1 /* Frameworks */ = {
			isa = PBXFrameworksBuildPhase;
			buildActionMask = 2147483647;
			files = (
			);
			runOnlyForDeploymentPostprocessing = 0;
		};
/* End PBXFrameworksBuildPhase section */

/* Begin PBXGroup section */
		041212232C983076001333F1 = {
			isa = PBXGroup;
			children = (
				0412122E2C983076001333F1 /* ExpenseTracker */,
				0412123F2C983077001333F1 /* ExpenseTrackerTests */,
				041212492C983077001333F1 /* ExpenseTrackerUITests */,
				0412122D2C983076001333F1 /* Products */,
			);
			sourceTree = "<group>";
		};
		0412122D2C983076001333F1 /* Products */ = {
			isa = PBXGroup;
			children = (
				0412122C2C983076001333F1 /* ExpenseTracker.app */,
				0412123C2C983077001333F1 /* ExpenseTrackerTests.xctest */,
				041212462C983077001333F1 /* ExpenseTrackerUITests.xctest */,
			);
			name = Products;
			sourceTree = "<group>";
		};
		0412122E2C983076001333F1 /* ExpenseTracker */ = {
			isa = PBXGroup;
			children = (
				0412125E2C983219001333F1 /* Helper */,
				0412125B2C98308E001333F1 /* ViewModel */,
				0412125A2C983089001333F1 /* Model */,
				041212592C983082001333F1 /* View */,
				0412122F2C983076001333F1 /* ExpenseTrackerApp.swift */,
				041212312C983076001333F1 /* ContentView.swift */,
				041212332C983076001333F1 /* Assets.xcassets */,
				041212352C983076001333F1 /* Preview Content */,
				046D74802CA038F2003AEDA6 /* TestCustomListView.swift */,
			);
			path = ExpenseTracker;
			sourceTree = "<group>";
		};
		041212352C983076001333F1 /* Preview Content */ = {
			isa = PBXGroup;
			children = (
				041212362C983076001333F1 /* Preview Assets.xcassets */,
			);
			path = "Preview Content";
			sourceTree = "<group>";
		};
		0412123F2C983077001333F1 /* ExpenseTrackerTests */ = {
			isa = PBXGroup;
			children = (
				041212402C983077001333F1 /* ExpenseTrackerTests.swift */,
			);
			path = ExpenseTrackerTests;
			sourceTree = "<group>";
		};
		041212492C983077001333F1 /* ExpenseTrackerUITests */ = {
			isa = PBXGroup;
			children = (
				0412124A2C983077001333F1 /* ExpenseTrackerUITests.swift */,
				0412124C2C983077001333F1 /* ExpenseTrackerUITestsLaunchTests.swift */,
			);
			path = ExpenseTrackerUITests;
			sourceTree = "<group>";
		};
		041212592C983082001333F1 /* View */ = {
			isa = PBXGroup;
			children = (
				0412125C2C983108001333F1 /* HomeView.swift */,
				041212632C984179001333F1 /* IncomeView.swift */,
				041212652C984192001333F1 /* ExpenseView.swift */,
				041212672C9846F6001333F1 /* AddTransactionView.swift */,
				0435531A2CA5C92300F7BA28 /* EditTransactionView.swift */,
				043328402C9C274F0086D79B /* Example.swift */,
				0412126E2C987489001333F1 /* SplashScreenView.swift */,
				041212712C98ABE9001333F1 /* GoalsView.swift */,
				043328422C9C39ED0086D79B /* AddGoalView.swift */,
				04F73F2B2C9D28890028AA83 /* SavingsView.swift */,
				047C622F2CA2462F00B4DF85 /* EditGoalView.swift */,
			);
			path = View;
			sourceTree = "<group>";
		};
		0412125A2C983089001333F1 /* Model */ = {
			isa = PBXGroup;
			children = (
				041212692C98554C001333F1 /* TransactionModel.swift */,
				046C56412C9A740300759965 /* GoalModel.swift */,
				04F73F292C9D27E00028AA83 /* SavingsModel.swift */,
				04CDC0242C9E876B00D76717 /* BalanceModel.swift */,
			);
			path = Model;
			sourceTree = "<group>";
		};
		0412125B2C98308E001333F1 /* ViewModel */ = {
			isa = PBXGroup;
			children = (
			);
			path = ViewModel;
			sourceTree = "<group>";
		};
		0412125E2C983219001333F1 /* Helper */ = {
			isa = PBXGroup;
			children = (
				0412125F2C983247001333F1 /* AppButton.swift */,
				041212612C983D1E001333F1 /* AppCard.swift */,
				0412126B2C9855A8001333F1 /* AppCardTransaction.swift */,
				047E40BB2C99DA2600659068 /* AppCardGoals.swift */,
			);
			path = Helper;
			sourceTree = "<group>";
		};
/* End PBXGroup section */

/* Begin PBXNativeTarget section */
		0412122B2C983076001333F1 /* ExpenseTracker */ = {
			isa = PBXNativeTarget;
			buildConfigurationList = 041212502C983077001333F1 /* Build configuration list for PBXNativeTarget "ExpenseTracker" */;
			buildPhases = (
				041212282C983076001333F1 /* Sources */,
				041212292C983076001333F1 /* Frameworks */,
				0412122A2C983076001333F1 /* Resources */,
			);
			buildRules = (
			);
			dependencies = (
			);
			name = ExpenseTracker;
			packageProductDependencies = (
				04E86AF42CA322CC001C10D3 /* ConfettiSwiftUI */,
			);
			productName = ExpenseTracker;
			productReference = 0412122C2C983076001333F1 /* ExpenseTracker.app */;
			productType = "com.apple.product-type.application";
		};
		0412123B2C983077001333F1 /* ExpenseTrackerTests */ = {
			isa = PBXNativeTarget;
			buildConfigurationList = 041212532C983077001333F1 /* Build configuration list for PBXNativeTarget "ExpenseTrackerTests" */;
			buildPhases = (
				041212382C983077001333F1 /* Sources */,
				041212392C983077001333F1 /* Frameworks */,
				0412123A2C983077001333F1 /* Resources */,
			);
			buildRules = (
			);
			dependencies = (
				0412123E2C983077001333F1 /* PBXTargetDependency */,
			);
			name = ExpenseTrackerTests;
			productName = ExpenseTrackerTests;
			productReference = 0412123C2C983077001333F1 /* ExpenseTrackerTests.xctest */;
			productType = "com.apple.product-type.bundle.unit-test";
		};
		041212452C983077001333F1 /* ExpenseTrackerUITests */ = {
			isa = PBXNativeTarget;
			buildConfigurationList = 041212562C983077001333F1 /* Build configuration list for PBXNativeTarget "ExpenseTrackerUITests" */;
			buildPhases = (
				041212422C983077001333F1 /* Sources */,
				041212432C983077001333F1 /* Frameworks */,
				041212442C983077001333F1 /* Resources */,
			);
			buildRules = (
			);
			dependencies = (
				041212482C983077001333F1 /* PBXTargetDependency */,
			);
			name = ExpenseTrackerUITests;
			productName = ExpenseTrackerUITests;
			productReference = 041212462C983077001333F1 /* ExpenseTrackerUITests.xctest */;
			productType = "com.apple.product-type.bundle.ui-testing";
		};
/* End PBXNativeTarget section */

/* Begin PBXProject section */
		041212242C983076001333F1 /* Project object */ = {
			isa = PBXProject;
			attributes = {
				BuildIndependentTargetsInParallel = 1;
				LastSwiftUpdateCheck = 1530;
				LastUpgradeCheck = 1530;
				TargetAttributes = {
					0412122B2C983076001333F1 = {
						CreatedOnToolsVersion = 15.3;
					};
					0412123B2C983077001333F1 = {
						CreatedOnToolsVersion = 15.3;
						TestTargetID = 0412122B2C983076001333F1;
					};
					041212452C983077001333F1 = {
						CreatedOnToolsVersion = 15.3;
						TestTargetID = 0412122B2C983076001333F1;
					};
				};
			};
			buildConfigurationList = 041212272C983076001333F1 /* Build configuration list for PBXProject "ExpenseTracker" */;
			compatibilityVersion = "Xcode 14.0";
			developmentRegion = en;
			hasScannedForEncodings = 0;
			knownRegions = (
				en,
				Base,
			);
			mainGroup = 041212232C983076001333F1;
			packageReferences = (
				04E86AF32CA32244001C10D3 /* XCRemoteSwiftPackageReference "ConfettiSwiftUI" */,
			);
			productRefGroup = 0412122D2C983076001333F1 /* Products */;
			projectDirPath = "";
			projectRoot = "";
			targets = (
				0412122B2C983076001333F1 /* ExpenseTracker */,
				0412123B2C983077001333F1 /* ExpenseTrackerTests */,
				041212452C983077001333F1 /* ExpenseTrackerUITests */,
			);
		};
/* End PBXProject section */

/* Begin PBXResourcesBuildPhase section */
		0412122A2C983076001333F1 /* Resources */ = {
			isa = PBXResourcesBuildPhase;
			buildActionMask = 2147483647;
			files = (
				041212372C983076001333F1 /* Preview Assets.xcassets in Resources */,
				041212342C983076001333F1 /* Assets.xcassets in Resources */,
			);
			runOnlyForDeploymentPostprocessing = 0;
		};
		0412123A2C983077001333F1 /* Resources */ = {
			isa = PBXResourcesBuildPhase;
			buildActionMask = 2147483647;
			files = (
			);
			runOnlyForDeploymentPostprocessing = 0;
		};
		041212442C983077001333F1 /* Resources */ = {
			isa = PBXResourcesBuildPhase;
			buildActionMask = 2147483647;
			files = (
			);
			runOnlyForDeploymentPostprocessing = 0;
		};
/* End PBXResourcesBuildPhase section */

/* Begin PBXSourcesBuildPhase section */
		041212282C983076001333F1 /* Sources */ = {
			isa = PBXSourcesBuildPhase;
			buildActionMask = 2147483647;
			files = (
				047C62302CA2462F00B4DF85 /* EditGoalView.swift in Sources */,
				046C56422C9A740300759965 /* GoalModel.swift in Sources */,
				0412126A2C98554C001333F1 /* TransactionModel.swift in Sources */,
				0412125D2C983108001333F1 /* HomeView.swift in Sources */,
				043328432C9C39ED0086D79B /* AddGoalView.swift in Sources */,
				041212642C984179001333F1 /* IncomeView.swift in Sources */,
				046D74812CA038F2003AEDA6 /* TestCustomListView.swift in Sources */,
				041212722C98ABEA001333F1 /* GoalsView.swift in Sources */,
				041212622C983D1E001333F1 /* AppCard.swift in Sources */,
				0412126F2C987489001333F1 /* SplashScreenView.swift in Sources */,
				041212662C984192001333F1 /* ExpenseView.swift in Sources */,
				04F73F2A2C9D27E00028AA83 /* SavingsModel.swift in Sources */,
				04F73F2C2C9D28890028AA83 /* SavingsView.swift in Sources */,
				0435531B2CA5C92300F7BA28 /* EditTransactionView.swift in Sources */,
				041212322C983076001333F1 /* ContentView.swift in Sources */,
				04CDC0252C9E876B00D76717 /* BalanceModel.swift in Sources */,
				0412126C2C9855A8001333F1 /* AppCardTransaction.swift in Sources */,
				041212302C983076001333F1 /* ExpenseTrackerApp.swift in Sources */,
				041212682C9846F6001333F1 /* AddTransactionView.swift in Sources */,
				047E40BC2C99DA2600659068 /* AppCardGoals.swift in Sources */,
				041212602C983247001333F1 /* AppButton.swift in Sources */,
				043328412C9C274F0086D79B /* Example.swift in Sources */,
			);
			runOnlyForDeploymentPostprocessing = 0;
		};
		041212382C983077001333F1 /* Sources */ = {
			isa = PBXSourcesBuildPhase;
			buildActionMask = 2147483647;
			files = (
				041212412C983077001333F1 /* ExpenseTrackerTests.swift in Sources */,
			);
			runOnlyForDeploymentPostprocessing = 0;
		};
		041212422C983077001333F1 /* Sources */ = {
			isa = PBXSourcesBuildPhase;
			buildActionMask = 2147483647;
			files = (
				0412124D2C983077001333F1 /* ExpenseTrackerUITestsLaunchTests.swift in Sources */,
				0412124B2C983077001333F1 /* ExpenseTrackerUITests.swift in Sources */,
			);
			runOnlyForDeploymentPostprocessing = 0;
		};
/* End PBXSourcesBuildPhase section */

/* Begin PBXTargetDependency section */
		0412123E2C983077001333F1 /* PBXTargetDependency */ = {
			isa = PBXTargetDependency;
			target = 0412122B2C983076001333F1 /* ExpenseTracker */;
			targetProxy = 0412123D2C983077001333F1 /* PBXContainerItemProxy */;
		};
		041212482C983077001333F1 /* PBXTargetDependency */ = {
			isa = PBXTargetDependency;
			target = 0412122B2C983076001333F1 /* ExpenseTracker */;
			targetProxy = 041212472C983077001333F1 /* PBXContainerItemProxy */;
		};
/* End PBXTargetDependency section */

/* Begin XCBuildConfiguration section */
		0412124E2C983077001333F1 /* Debug */ = {
			isa = XCBuildConfiguration;
			buildSettings = {
				ALWAYS_SEARCH_USER_PATHS = NO;
				ASSETCATALOG_COMPILER_GENERATE_SWIFT_ASSET_SYMBOL_EXTENSIONS = YES;
				CLANG_ANALYZER_NONNULL = YES;
				CLANG_ANALYZER_NUMBER_OBJECT_CONVERSION = YES_AGGRESSIVE;
				CLANG_CXX_LANGUAGE_STANDARD = "gnu++20";
				CLANG_ENABLE_MODULES = YES;
				CLANG_ENABLE_OBJC_ARC = YES;
				CLANG_ENABLE_OBJC_WEAK = YES;
				CLANG_WARN_BLOCK_CAPTURE_AUTORELEASING = YES;
				CLANG_WARN_BOOL_CONVERSION = YES;
				CLANG_WARN_COMMA = YES;
				CLANG_WARN_CONSTANT_CONVERSION = YES;
				CLANG_WARN_DEPRECATED_OBJC_IMPLEMENTATIONS = YES;
				CLANG_WARN_DIRECT_OBJC_ISA_USAGE = YES_ERROR;
				CLANG_WARN_DOCUMENTATION_COMMENTS = YES;
				CLANG_WARN_EMPTY_BODY = YES;
				CLANG_WARN_ENUM_CONVERSION = YES;
				CLANG_WARN_INFINITE_RECURSION = YES;
				CLANG_WARN_INT_CONVERSION = YES;
				CLANG_WARN_NON_LITERAL_NULL_CONVERSION = YES;
				CLANG_WARN_OBJC_IMPLICIT_RETAIN_SELF = YES;
				CLANG_WARN_OBJC_LITERAL_CONVERSION = YES;
				CLANG_WARN_OBJC_ROOT_CLASS = YES_ERROR;
				CLANG_WARN_QUOTED_INCLUDE_IN_FRAMEWORK_HEADER = YES;
				CLANG_WARN_RANGE_LOOP_ANALYSIS = YES;
				CLANG_WARN_STRICT_PROTOTYPES = YES;
				CLANG_WARN_SUSPICIOUS_MOVE = YES;
				CLANG_WARN_UNGUARDED_AVAILABILITY = YES_AGGRESSIVE;
				CLANG_WARN_UNREACHABLE_CODE = YES;
				CLANG_WARN__DUPLICATE_METHOD_MATCH = YES;
				COPY_PHASE_STRIP = NO;
				DEBUG_INFORMATION_FORMAT = dwarf;
				ENABLE_STRICT_OBJC_MSGSEND = YES;
				ENABLE_TESTABILITY = YES;
				ENABLE_USER_SCRIPT_SANDBOXING = YES;
				GCC_C_LANGUAGE_STANDARD = gnu17;
				GCC_DYNAMIC_NO_PIC = NO;
				GCC_NO_COMMON_BLOCKS = YES;
				GCC_OPTIMIZATION_LEVEL = 0;
				GCC_PREPROCESSOR_DEFINITIONS = (
					"DEBUG=1",
					"$(inherited)",
				);
				GCC_WARN_64_TO_32_BIT_CONVERSION = YES;
				GCC_WARN_ABOUT_RETURN_TYPE = YES_ERROR;
				GCC_WARN_UNDECLARED_SELECTOR = YES;
				GCC_WARN_UNINITIALIZED_AUTOS = YES_AGGRESSIVE;
				GCC_WARN_UNUSED_FUNCTION = YES;
				GCC_WARN_UNUSED_VARIABLE = YES;
				IPHONEOS_DEPLOYMENT_TARGET = 17.4;
				LOCALIZATION_PREFERS_STRING_CATALOGS = YES;
				MTL_ENABLE_DEBUG_INFO = INCLUDE_SOURCE;
				MTL_FAST_MATH = YES;
				ONLY_ACTIVE_ARCH = YES;
				SDKROOT = iphoneos;
				SWIFT_ACTIVE_COMPILATION_CONDITIONS = "DEBUG $(inherited)";
				SWIFT_OPTIMIZATION_LEVEL = "-Onone";
			};
			name = Debug;
		};
		0412124F2C983077001333F1 /* Release */ = {
			isa = XCBuildConfiguration;
			buildSettings = {
				ALWAYS_SEARCH_USER_PATHS = NO;
				ASSETCATALOG_COMPILER_GENERATE_SWIFT_ASSET_SYMBOL_EXTENSIONS = YES;
				CLANG_ANALYZER_NONNULL = YES;
				CLANG_ANALYZER_NUMBER_OBJECT_CONVERSION = YES_AGGRESSIVE;
				CLANG_CXX_LANGUAGE_STANDARD = "gnu++20";
				CLANG_ENABLE_MODULES = YES;
				CLANG_ENABLE_OBJC_ARC = YES;
				CLANG_ENABLE_OBJC_WEAK = YES;
				CLANG_WARN_BLOCK_CAPTURE_AUTORELEASING = YES;
				CLANG_WARN_BOOL_CONVERSION = YES;
				CLANG_WARN_COMMA = YES;
				CLANG_WARN_CONSTANT_CONVERSION = YES;
				CLANG_WARN_DEPRECATED_OBJC_IMPLEMENTATIONS = YES;
				CLANG_WARN_DIRECT_OBJC_ISA_USAGE = YES_ERROR;
				CLANG_WARN_DOCUMENTATION_COMMENTS = YES;
				CLANG_WARN_EMPTY_BODY = YES;
				CLANG_WARN_ENUM_CONVERSION = YES;
				CLANG_WARN_INFINITE_RECURSION = YES;
				CLANG_WARN_INT_CONVERSION = YES;
				CLANG_WARN_NON_LITERAL_NULL_CONVERSION = YES;
				CLANG_WARN_OBJC_IMPLICIT_RETAIN_SELF = YES;
				CLANG_WARN_OBJC_LITERAL_CONVERSION = YES;
				CLANG_WARN_OBJC_ROOT_CLASS = YES_ERROR;
				CLANG_WARN_QUOTED_INCLUDE_IN_FRAMEWORK_HEADER = YES;
				CLANG_WARN_RANGE_LOOP_ANALYSIS = YES;
				CLANG_WARN_STRICT_PROTOTYPES = YES;
				CLANG_WARN_SUSPICIOUS_MOVE = YES;
				CLANG_WARN_UNGUARDED_AVAILABILITY = YES_AGGRESSIVE;
				CLANG_WARN_UNREACHABLE_CODE = YES;
				CLANG_WARN__DUPLICATE_METHOD_MATCH = YES;
				COPY_PHASE_STRIP = NO;
				DEBUG_INFORMATION_FORMAT = "dwarf-with-dsym";
				ENABLE_NS_ASSERTIONS = NO;
				ENABLE_STRICT_OBJC_MSGSEND = YES;
				ENABLE_USER_SCRIPT_SANDBOXING = YES;
				GCC_C_LANGUAGE_STANDARD = gnu17;
				GCC_NO_COMMON_BLOCKS = YES;
				GCC_WARN_64_TO_32_BIT_CONVERSION = YES;
				GCC_WARN_ABOUT_RETURN_TYPE = YES_ERROR;
				GCC_WARN_UNDECLARED_SELECTOR = YES;
				GCC_WARN_UNINITIALIZED_AUTOS = YES_AGGRESSIVE;
				GCC_WARN_UNUSED_FUNCTION = YES;
				GCC_WARN_UNUSED_VARIABLE = YES;
				IPHONEOS_DEPLOYMENT_TARGET = 17.4;
				LOCALIZATION_PREFERS_STRING_CATALOGS = YES;
				MTL_ENABLE_DEBUG_INFO = NO;
				MTL_FAST_MATH = YES;
				SDKROOT = iphoneos;
				SWIFT_COMPILATION_MODE = wholemodule;
				VALIDATE_PRODUCT = YES;
			};
			name = Release;
		};
		041212512C983077001333F1 /* Debug */ = {
			isa = XCBuildConfiguration;
			buildSettings = {
				ASSETCATALOG_COMPILER_APPICON_NAME = AppIcon;
				ASSETCATALOG_COMPILER_GLOBAL_ACCENT_COLOR_NAME = AccentColor;
				CODE_SIGN_STYLE = Automatic;
				CURRENT_PROJECT_VERSION = 1;
				DEVELOPMENT_ASSET_PATHS = "\"ExpenseTracker/Preview Content\"";
				DEVELOPMENT_TEAM = 8BSYY8W6GT;
				ENABLE_PREVIEWS = YES;
				GENERATE_INFOPLIST_FILE = YES;
				INFOPLIST_KEY_UIApplicationSceneManifest_Generation = YES;
				INFOPLIST_KEY_UIApplicationSupportsIndirectInputEvents = YES;
				INFOPLIST_KEY_UILaunchScreen_Generation = YES;
				INFOPLIST_KEY_UISupportedInterfaceOrientations_iPad = "UIInterfaceOrientationPortrait UIInterfaceOrientationPortraitUpsideDown UIInterfaceOrientationLandscapeLeft UIInterfaceOrientationLandscapeRight";
				INFOPLIST_KEY_UISupportedInterfaceOrientations_iPhone = "UIInterfaceOrientationPortrait UIInterfaceOrientationLandscapeLeft UIInterfaceOrientationLandscapeRight";
				LD_RUNPATH_SEARCH_PATHS = (
					"$(inherited)",
					"@executable_path/Frameworks",
				);
				MARKETING_VERSION = 1.0;
				PRODUCT_BUNDLE_IDENTIFIER = com.nanwae.ExpenseTracker;
				PRODUCT_NAME = "$(TARGET_NAME)";
				SWIFT_EMIT_LOC_STRINGS = YES;
				SWIFT_VERSION = 5.0;
				TARGETED_DEVICE_FAMILY = "1,2";
			};
			name = Debug;
		};
		041212522C983077001333F1 /* Release */ = {
			isa = XCBuildConfiguration;
			buildSettings = {
				ASSETCATALOG_COMPILER_APPICON_NAME = AppIcon;
				ASSETCATALOG_COMPILER_GLOBAL_ACCENT_COLOR_NAME = AccentColor;
				CODE_SIGN_STYLE = Automatic;
				CURRENT_PROJECT_VERSION = 1;
				DEVELOPMENT_ASSET_PATHS = "\"ExpenseTracker/Preview Content\"";
				DEVELOPMENT_TEAM = 8BSYY8W6GT;
				ENABLE_PREVIEWS = YES;
				GENERATE_INFOPLIST_FILE = YES;
				INFOPLIST_KEY_UIApplicationSceneManifest_Generation = YES;
				INFOPLIST_KEY_UIApplicationSupportsIndirectInputEvents = YES;
				INFOPLIST_KEY_UILaunchScreen_Generation = YES;
				INFOPLIST_KEY_UISupportedInterfaceOrientations_iPad = "UIInterfaceOrientationPortrait UIInterfaceOrientationPortraitUpsideDown UIInterfaceOrientationLandscapeLeft UIInterfaceOrientationLandscapeRight";
				INFOPLIST_KEY_UISupportedInterfaceOrientations_iPhone = "UIInterfaceOrientationPortrait UIInterfaceOrientationLandscapeLeft UIInterfaceOrientationLandscapeRight";
				LD_RUNPATH_SEARCH_PATHS = (
					"$(inherited)",
					"@executable_path/Frameworks",
				);
				MARKETING_VERSION = 1.0;
				PRODUCT_BUNDLE_IDENTIFIER = com.nanwae.ExpenseTracker;
				PRODUCT_NAME = "$(TARGET_NAME)";
				SWIFT_EMIT_LOC_STRINGS = YES;
				SWIFT_VERSION = 5.0;
				TARGETED_DEVICE_FAMILY = "1,2";
			};
			name = Release;
		};
		041212542C983077001333F1 /* Debug */ = {
			isa = XCBuildConfiguration;
			buildSettings = {
				ALWAYS_EMBED_SWIFT_STANDARD_LIBRARIES = YES;
				BUNDLE_LOADER = "$(TEST_HOST)";
				CODE_SIGN_STYLE = Automatic;
				CURRENT_PROJECT_VERSION = 1;
				DEVELOPMENT_TEAM = 8BSYY8W6GT;
				GENERATE_INFOPLIST_FILE = YES;
				IPHONEOS_DEPLOYMENT_TARGET = 17.4;
				MARKETING_VERSION = 1.0;
				PRODUCT_BUNDLE_IDENTIFIER = com.nanwae.ExpenseTrackerTests;
				PRODUCT_NAME = "$(TARGET_NAME)";
				SWIFT_EMIT_LOC_STRINGS = NO;
				SWIFT_VERSION = 5.0;
				TARGETED_DEVICE_FAMILY = "1,2";
				TEST_HOST = "$(BUILT_PRODUCTS_DIR)/ExpenseTracker.app/$(BUNDLE_EXECUTABLE_FOLDER_PATH)/ExpenseTracker";
			};
			name = Debug;
		};
		041212552C983077001333F1 /* Release */ = {
			isa = XCBuildConfiguration;
			buildSettings = {
				ALWAYS_EMBED_SWIFT_STANDARD_LIBRARIES = YES;
				BUNDLE_LOADER = "$(TEST_HOST)";
				CODE_SIGN_STYLE = Automatic;
				CURRENT_PROJECT_VERSION = 1;
				DEVELOPMENT_TEAM = 8BSYY8W6GT;
				GENERATE_INFOPLIST_FILE = YES;
				IPHONEOS_DEPLOYMENT_TARGET = 17.4;
				MARKETING_VERSION = 1.0;
				PRODUCT_BUNDLE_IDENTIFIER = com.nanwae.ExpenseTrackerTests;
				PRODUCT_NAME = "$(TARGET_NAME)";
				SWIFT_EMIT_LOC_STRINGS = NO;
				SWIFT_VERSION = 5.0;
				TARGETED_DEVICE_FAMILY = "1,2";
				TEST_HOST = "$(BUILT_PRODUCTS_DIR)/ExpenseTracker.app/$(BUNDLE_EXECUTABLE_FOLDER_PATH)/ExpenseTracker";
			};
			name = Release;
		};
		041212572C983077001333F1 /* Debug */ = {
			isa = XCBuildConfiguration;
			buildSettings = {
				ALWAYS_EMBED_SWIFT_STANDARD_LIBRARIES = YES;
				CODE_SIGN_STYLE = Automatic;
				CURRENT_PROJECT_VERSION = 1;
				DEVELOPMENT_TEAM = 8BSYY8W6GT;
				GENERATE_INFOPLIST_FILE = YES;
				MARKETING_VERSION = 1.0;
				PRODUCT_BUNDLE_IDENTIFIER = com.nanwae.ExpenseTrackerUITests;
				PRODUCT_NAME = "$(TARGET_NAME)";
				SWIFT_EMIT_LOC_STRINGS = NO;
				SWIFT_VERSION = 5.0;
				TARGETED_DEVICE_FAMILY = "1,2";
				TEST_TARGET_NAME = ExpenseTracker;
			};
			name = Debug;
		};
		041212582C983077001333F1 /* Release */ = {
			isa = XCBuildConfiguration;
			buildSettings = {
				ALWAYS_EMBED_SWIFT_STANDARD_LIBRARIES = YES;
				CODE_SIGN_STYLE = Automatic;
				CURRENT_PROJECT_VERSION = 1;
				DEVELOPMENT_TEAM = 8BSYY8W6GT;
				GENERATE_INFOPLIST_FILE = YES;
				MARKETING_VERSION = 1.0;
				PRODUCT_BUNDLE_IDENTIFIER = com.nanwae.ExpenseTrackerUITests;
				PRODUCT_NAME = "$(TARGET_NAME)";
				SWIFT_EMIT_LOC_STRINGS = NO;
				SWIFT_VERSION = 5.0;
				TARGETED_DEVICE_FAMILY = "1,2";
				TEST_TARGET_NAME = ExpenseTracker;
			};
			name = Release;
		};
/* End XCBuildConfiguration section */

/* Begin XCConfigurationList section */
		041212272C983076001333F1 /* Build configuration list for PBXProject "ExpenseTracker" */ = {
			isa = XCConfigurationList;
			buildConfigurations = (
				0412124E2C983077001333F1 /* Debug */,
				0412124F2C983077001333F1 /* Release */,
			);
			defaultConfigurationIsVisible = 0;
			defaultConfigurationName = Release;
		};
		041212502C983077001333F1 /* Build configuration list for PBXNativeTarget "ExpenseTracker" */ = {
			isa = XCConfigurationList;
			buildConfigurations = (
				041212512C983077001333F1 /* Debug */,
				041212522C983077001333F1 /* Release */,
			);
			defaultConfigurationIsVisible = 0;
			defaultConfigurationName = Release;
		};
		041212532C983077001333F1 /* Build configuration list for PBXNativeTarget "ExpenseTrackerTests" */ = {
			isa = XCConfigurationList;
			buildConfigurations = (
				041212542C983077001333F1 /* Debug */,
				041212552C983077001333F1 /* Release */,
			);
			defaultConfigurationIsVisible = 0;
			defaultConfigurationName = Release;
		};
		041212562C983077001333F1 /* Build configuration list for PBXNativeTarget "ExpenseTrackerUITests" */ = {
			isa = XCConfigurationList;
			buildConfigurations = (
				041212572C983077001333F1 /* Debug */,
				041212582C983077001333F1 /* Release */,
			);
			defaultConfigurationIsVisible = 0;
			defaultConfigurationName = Release;
		};
/* End XCConfigurationList section */

/* Begin XCRemoteSwiftPackageReference section */
		04E86AF32CA32244001C10D3 /* XCRemoteSwiftPackageReference "ConfettiSwiftUI" */ = {
			isa = XCRemoteSwiftPackageReference;
			repositoryURL = "https://github.com/simibac/ConfettiSwiftUI.git";
			requirement = {
				kind = upToNextMajorVersion;
				minimumVersion = 1.1.0;
			};
		};
/* End XCRemoteSwiftPackageReference section */

/* Begin XCSwiftPackageProductDependency section */
		04E86AF42CA322CC001C10D3 /* ConfettiSwiftUI */ = {
			isa = XCSwiftPackageProductDependency;
			package = 04E86AF32CA32244001C10D3 /* XCRemoteSwiftPackageReference "ConfettiSwiftUI" */;
			productName = ConfettiSwiftUI;
		};
/* End XCSwiftPackageProductDependency section */
	};
	rootObject = 041212242C983076001333F1 /* Project object */;
}
